
Microsoft Visual Studio Solution File, Format Version 12.00
# Visual Studio Version 17
VisualStudioVersion = 17.5.002.0
MinimumVisualStudioVersion = 10.0.40219.1
Project("{9A19103F-16F7-4668-BE54-9A1E7A4F7556}") = "OnlineMonitor", "OnlineMonitor.csproj", "{CBBC15CB-E699-417F-92C4-1381889E1A6F}"
EndProject
Global
	GlobalSection(SolutionConfigurationPlatforms) = preSolution
		Debug|Any CPU = Debug|Any CPU
		Release|Any CPU = Release|Any CPU
	EndGlobalSection
	GlobalSection(ProjectConfigurationPlatforms) = postSolution
		{CBBC15CB-E699-417F-92C4-1381889E1A6F}.Debug|Any CPU.ActiveCfg = Debug|Any CPU
		{CBBC15CB-E699-417F-92C4-1381889E1A6F}.Debug|Any CPU.Build.0 = Debug|Any CPU
		{CBBC15CB-E699-417F-92C4-1381889E1A6F}.Release|Any CPU.ActiveCfg = Release|Any CPU
		{CBBC15CB-E699-417F-92C4-1381889E1A6F}.Release|Any CPU.Build.0 = Release|Any CPU
	EndGlobalSection
	GlobalSection(SolutionProperties) = preSolution
		HideSolutionNode = FALSE
	EndGlobalSection
	GlobalSection(ExtensibilityGlobals) = postSolution
		SolutionGuid = {7938742C-D348-44D1-B639-31EF7A80A5B3}
	EndGlobalSection
EndGlobal
